
Microsoft Visual Studio Solution File, Format Version 12.00
# Visual Studio 15
VisualStudioVersion = 15.0.27703.2042
MinimumVisualStudioVersion = 10.0.40219.1
Project("{FAE04EC0-301F-11D3-BF4B-00C04F79EFBC}") = "REST", "REST\REST.csproj", "{DE7CB3BE-9463-47A3-951B-DB297635F597}"
EndProject
Project("{FAE04EC0-301F-11D3-BF4B-00C04F79EFBC}") = "DOC", "DOC\DOC.csproj", "{B2815747-D9DB-406C-B72D-22250921552D}"
EndProject
Project("{FAE04EC0-301F-11D3-BF4B-00C04F79EFBC}") = "SHARED", "DTO\SHARED.csproj", "{178A4381-AB18-4670-BA87-181E978B61E6}"
EndProject
Project("{FAE04EC0-301F-11D3-BF4B-00C04F79EFBC}") = "UI", "UI\UI.csproj", "{37747C8B-FFDD-4A48-91E4-7AB58D33F72D}"
EndProject
Global
	GlobalSection(SolutionConfigurationPlatforms) = preSolution
		Debug|Any CPU = Debug|Any CPU
		Release|Any CPU = Release|Any CPU
	EndGlobalSection
	GlobalSection(ProjectConfigurationPlatforms) = postSolution
		{DE7CB3BE-9463-47A3-951B-DB297635F597}.Debug|Any CPU.ActiveCfg = Debug|Any CPU
		{DE7CB3BE-9463-47A3-951B-DB297635F597}.Debug|Any CPU.Build.0 = Debug|Any CPU
		{DE7CB3BE-9463-47A3-951B-DB297635F597}.Release|Any CPU.ActiveCfg = Release|Any CPU
		{DE7CB3BE-9463-47A3-951B-DB297635F597}.Release|Any CPU.Build.0 = Release|Any CPU
		{B2815747-D9DB-406C-B72D-22250921552D}.Debug|Any CPU.ActiveCfg = Debug|Any CPU
		{B2815747-D9DB-406C-B72D-22250921552D}.Debug|Any CPU.Build.0 = Debug|Any CPU
		{B2815747-D9DB-406C-B72D-22250921552D}.Release|Any CPU.ActiveCfg = Release|Any CPU
		{B2815747-D9DB-406C-B72D-22250921552D}.Release|Any CPU.Build.0 = Release|Any CPU
		{178A4381-AB18-4670-BA87-181E978B61E6}.Debug|Any CPU.ActiveCfg = Debug|Any CPU
		{178A4381-AB18-4670-BA87-181E978B61E6}.Debug|Any CPU.Build.0 = Debug|Any CPU
		{178A4381-AB18-4670-BA87-181E978B61E6}.Release|Any CPU.ActiveCfg = Release|Any CPU
		{178A4381-AB18-4670-BA87-181E978B61E6}.Release|Any CPU.Build.0 = Release|Any CPU
		{37747C8B-FFDD-4A48-91E4-7AB58D33F72D}.Debug|Any CPU.ActiveCfg = Debug|Any CPU
		{37747C8B-FFDD-4A48-91E4-7AB58D33F72D}.Debug|Any CPU.Build.0 = Debug|Any CPU
		{37747C8B-FFDD-4A48-91E4-7AB58D33F72D}.Release|Any CPU.ActiveCfg = Release|Any CPU
		{37747C8B-FFDD-4A48-91E4-7AB58D33F72D}.Release|Any CPU.Build.0 = Release|Any CPU
	EndGlobalSection
	GlobalSection(SolutionProperties) = preSolution
		HideSolutionNode = FALSE
	EndGlobalSection
	GlobalSection(ExtensibilityGlobals) = postSolution
		SolutionGuid = {7841A12B-0921-4CF4-BF1D-4D02A5E94AD1}
	EndGlobalSection
EndGlobal
